
Microsoft Visual Studio Solution File, Format Version 12.00
# Visual Studio Version 17
VisualStudioVersion = 17.0.31903.59
MinimumVisualStudioVersion = 10.0.40219.1
Project("{FAE04EC0-301F-11D3-BF4B-00C04F79EFBC}") = "MyLibArray", "MyLibArray\MyLibArray.csproj", "{FDC99CAC-BBF4-4D2C-A8B7-226D57E7B53B}"
EndProject
Project("{2150E333-8FDC-42A3-9474-1A3956D46DE8}") = "Sem7_Homework", "Sem7_Homework", "{88D6265F-A302-4926-AD42-0766CA472092}"
EndProject
Project("{FAE04EC0-301F-11D3-BF4B-00C04F79EFBC}") = "sem7_hw1", "Sem7_Homework\sem7_hw1\sem7_hw1.csproj", "{C92F8342-14EB-4D7B-AD79-06FC4E9E0FBC}"
EndProject
Project("{FAE04EC0-301F-11D3-BF4B-00C04F79EFBC}") = "sem7_hw2", "Sem7_Homework\sem7_hw2\sem7_hw2.csproj", "{2FF80BCE-9578-4779-B95A-0C9C1CE35646}"
EndProject
Project("{2150E333-8FDC-42A3-9474-1A3956D46DE8}") = "Seminar8", "Seminar8", "{613DF0FE-8462-4080-9BFB-0BB6D56E41C0}"
EndProject
Project("{FAE04EC0-301F-11D3-BF4B-00C04F79EFBC}") = "Sem8_1", "Seminar8\Sem8_1\Sem8_1.csproj", "{81D64CFB-079A-47D9-9308-021C0FA641EB}"
EndProject
Project("{FAE04EC0-301F-11D3-BF4B-00C04F79EFBC}") = "Sem8_2", "Seminar8\Sem8_2\Sem8_2.csproj", "{B5258339-F5C3-4B79-83F4-F08EECA76734}"
EndProject
Project("{FAE04EC0-301F-11D3-BF4B-00C04F79EFBC}") = "Sem8_3", "Seminar8\Sem8_3\Sem8_3.csproj", "{52F0C993-EE9D-4C3A-8E40-4CBEE9486CDE}"
EndProject
Project("{FAE04EC0-301F-11D3-BF4B-00C04F79EFBC}") = "Sem8_4", "Seminar8\Sem8_4\Sem8_4.csproj", "{726A22B2-19DC-4982-92F9-653800B2B414}"
EndProject
Project("{FAE04EC0-301F-11D3-BF4B-00C04F79EFBC}") = "sem7_hw3", "Sem7_Homework\sem7_hw3\sem7_hw3.csproj", "{1806DAEE-E735-41F8-859F-ECB749AF1B83}"
EndProject
Global
	GlobalSection(SolutionConfigurationPlatforms) = preSolution
		Debug|Any CPU = Debug|Any CPU
		Release|Any CPU = Release|Any CPU
	EndGlobalSection
	GlobalSection(SolutionProperties) = preSolution
		HideSolutionNode = FALSE
	EndGlobalSection
	GlobalSection(ProjectConfigurationPlatforms) = postSolution
		{FDC99CAC-BBF4-4D2C-A8B7-226D57E7B53B}.Debug|Any CPU.ActiveCfg = Debug|Any CPU
		{FDC99CAC-BBF4-4D2C-A8B7-226D57E7B53B}.Debug|Any CPU.Build.0 = Debug|Any CPU
		{FDC99CAC-BBF4-4D2C-A8B7-226D57E7B53B}.Release|Any CPU.ActiveCfg = Release|Any CPU
		{FDC99CAC-BBF4-4D2C-A8B7-226D57E7B53B}.Release|Any CPU.Build.0 = Release|Any CPU
		{C92F8342-14EB-4D7B-AD79-06FC4E9E0FBC}.Debug|Any CPU.ActiveCfg = Debug|Any CPU
		{C92F8342-14EB-4D7B-AD79-06FC4E9E0FBC}.Debug|Any CPU.Build.0 = Debug|Any CPU
		{C92F8342-14EB-4D7B-AD79-06FC4E9E0FBC}.Release|Any CPU.ActiveCfg = Release|Any CPU
		{C92F8342-14EB-4D7B-AD79-06FC4E9E0FBC}.Release|Any CPU.Build.0 = Release|Any CPU
		{2FF80BCE-9578-4779-B95A-0C9C1CE35646}.Debug|Any CPU.ActiveCfg = Debug|Any CPU
		{2FF80BCE-9578-4779-B95A-0C9C1CE35646}.Debug|Any CPU.Build.0 = Debug|Any CPU
		{2FF80BCE-9578-4779-B95A-0C9C1CE35646}.Release|Any CPU.ActiveCfg = Release|Any CPU
		{2FF80BCE-9578-4779-B95A-0C9C1CE35646}.Release|Any CPU.Build.0 = Release|Any CPU
		{81D64CFB-079A-47D9-9308-021C0FA641EB}.Debug|Any CPU.ActiveCfg = Debug|Any CPU
		{81D64CFB-079A-47D9-9308-021C0FA641EB}.Debug|Any CPU.Build.0 = Debug|Any CPU
		{81D64CFB-079A-47D9-9308-021C0FA641EB}.Release|Any CPU.ActiveCfg = Release|Any CPU
		{81D64CFB-079A-47D9-9308-021C0FA641EB}.Release|Any CPU.Build.0 = Release|Any CPU
		{B5258339-F5C3-4B79-83F4-F08EECA76734}.Debug|Any CPU.ActiveCfg = Debug|Any CPU
		{B5258339-F5C3-4B79-83F4-F08EECA76734}.Debug|Any CPU.Build.0 = Debug|Any CPU
		{B5258339-F5C3-4B79-83F4-F08EECA76734}.Release|Any CPU.ActiveCfg = Release|Any CPU
		{B5258339-F5C3-4B79-83F4-F08EECA76734}.Release|Any CPU.Build.0 = Release|Any CPU
		{52F0C993-EE9D-4C3A-8E40-4CBEE9486CDE}.Debug|Any CPU.ActiveCfg = Debug|Any CPU
		{52F0C993-EE9D-4C3A-8E40-4CBEE9486CDE}.Debug|Any CPU.Build.0 = Debug|Any CPU
		{52F0C993-EE9D-4C3A-8E40-4CBEE9486CDE}.Release|Any CPU.ActiveCfg = Release|Any CPU
		{52F0C993-EE9D-4C3A-8E40-4CBEE9486CDE}.Release|Any CPU.Build.0 = Release|Any CPU
		{726A22B2-19DC-4982-92F9-653800B2B414}.Debug|Any CPU.ActiveCfg = Debug|Any CPU
		{726A22B2-19DC-4982-92F9-653800B2B414}.Debug|Any CPU.Build.0 = Debug|Any CPU
		{726A22B2-19DC-4982-92F9-653800B2B414}.Release|Any CPU.ActiveCfg = Release|Any CPU
		{726A22B2-19DC-4982-92F9-653800B2B414}.Release|Any CPU.Build.0 = Release|Any CPU
		{1806DAEE-E735-41F8-859F-ECB749AF1B83}.Debug|Any CPU.ActiveCfg = Debug|Any CPU
		{1806DAEE-E735-41F8-859F-ECB749AF1B83}.Debug|Any CPU.Build.0 = Debug|Any CPU
		{1806DAEE-E735-41F8-859F-ECB749AF1B83}.Release|Any CPU.ActiveCfg = Release|Any CPU
		{1806DAEE-E735-41F8-859F-ECB749AF1B83}.Release|Any CPU.Build.0 = Release|Any CPU
	EndGlobalSection
	GlobalSection(NestedProjects) = preSolution
		{C92F8342-14EB-4D7B-AD79-06FC4E9E0FBC} = {88D6265F-A302-4926-AD42-0766CA472092}
		{2FF80BCE-9578-4779-B95A-0C9C1CE35646} = {88D6265F-A302-4926-AD42-0766CA472092}
		{81D64CFB-079A-47D9-9308-021C0FA641EB} = {613DF0FE-8462-4080-9BFB-0BB6D56E41C0}
		{B5258339-F5C3-4B79-83F4-F08EECA76734} = {613DF0FE-8462-4080-9BFB-0BB6D56E41C0}
		{52F0C993-EE9D-4C3A-8E40-4CBEE9486CDE} = {613DF0FE-8462-4080-9BFB-0BB6D56E41C0}
		{726A22B2-19DC-4982-92F9-653800B2B414} = {613DF0FE-8462-4080-9BFB-0BB6D56E41C0}
		{1806DAEE-E735-41F8-859F-ECB749AF1B83} = {88D6265F-A302-4926-AD42-0766CA472092}
	EndGlobalSection
EndGlobal
