
Microsoft Visual Studio Solution File, Format Version 12.00
# Visual Studio Version 17
VisualStudioVersion = 17.0.31903.59
MinimumVisualStudioVersion = 10.0.40219.1
Project("{FAE04EC0-301F-11D3-BF4B-00C04F79EFBC}") = "MyLib", "MyLib\MyLib.csproj", "{4CE6C847-EE89-4EE8-B561-1FC766DB8F7E}"
EndProject
Project("{FAE04EC0-301F-11D3-BF4B-00C04F79EFBC}") = "Task0", "Task0\Task0.csproj", "{8E405DBB-AB6B-4331-82D4-785C3ABC7414}"
EndProject
Global
	GlobalSection(SolutionConfigurationPlatforms) = preSolution
		Debug|Any CPU = Debug|Any CPU
		Release|Any CPU = Release|Any CPU
	EndGlobalSection
	GlobalSection(SolutionProperties) = preSolution
		HideSolutionNode = FALSE
	EndGlobalSection
	GlobalSection(ProjectConfigurationPlatforms) = postSolution
		{4CE6C847-EE89-4EE8-B561-1FC766DB8F7E}.Debug|Any CPU.ActiveCfg = Debug|Any CPU
		{4CE6C847-EE89-4EE8-B561-1FC766DB8F7E}.Debug|Any CPU.Build.0 = Debug|Any CPU
		{4CE6C847-EE89-4EE8-B561-1FC766DB8F7E}.Release|Any CPU.ActiveCfg = Release|Any CPU
		{4CE6C847-EE89-4EE8-B561-1FC766DB8F7E}.Release|Any CPU.Build.0 = Release|Any CPU
		{8E405DBB-AB6B-4331-82D4-785C3ABC7414}.Debug|Any CPU.ActiveCfg = Debug|Any CPU
		{8E405DBB-AB6B-4331-82D4-785C3ABC7414}.Debug|Any CPU.Build.0 = Debug|Any CPU
		{8E405DBB-AB6B-4331-82D4-785C3ABC7414}.Release|Any CPU.ActiveCfg = Release|Any CPU
		{8E405DBB-AB6B-4331-82D4-785C3ABC7414}.Release|Any CPU.Build.0 = Release|Any CPU
	EndGlobalSection
EndGlobal
